hash: 45189a1035a7d9cd9172aba08b41ce1af9dc6226837f8bb1afcf259924b99fae
updated: 2016-07-21T20:33:21.537061838+02:00
imports:
- name: github.com/aws/aws-sdk-go
  version: 38ff93f5aca911b494061bc6a8a69dae652057e8
  subpackages:
  - aws
  - aws/session
  - service/s3
  - service/s3/s3manager
  - aws/awserr
  - aws/credentials
  - aws/client
  - aws/corehandlers
  - aws/defaults
  - aws/request
  - private/endpoints
  - aws/awsutil
  - aws/client/metadata
  - private/protocol
  - private/protocol/restxml
  - private/signer/v4
  - private/waiter
  - service/s3/s3iface
  - aws/credentials/ec2rolecreds
  - aws/ec2metadata
  - private/protocol/query
  - private/protocol/rest
  - private/protocol/xml/xmlutil
  - private/protocol/query/queryutil
- name: github.com/go-ini/ini
  version: 193d1ecb466bf97aae8b454a5cfc192941c64809
- name: github.com/jmespath/go-jmespath
  version: 0b12d6b521d83fc7f755e7cfc1b1fbdd35a01a74
testImports: []
